
Microsoft Visual Studio Solution File, Format Version 12.00
# Visual Studio Version 17
VisualStudioVersion = 17.4.33122.133
MinimumVisualStudioVersion = 10.0.40219.1
Project("{2150E333-8FDC-42A3-9474-1A3956D46DE8}") = "1 Grundlagen", "1 Grundlagen", "{EDF90A95-F03C-4903-9822-DEB4C7847C12}"
EndProject
Project("{2150E333-8FDC-42A3-9474-1A3956D46DE8}") = "3 Objektorientierung", "3 Objektorientierung", "{8F4912DD-0B58-4DF5-BDD2-492A38DD4D09}"
EndProject
Project("{2150E333-8FDC-42A3-9474-1A3956D46DE8}") = "6 Standard Template Library", "6 Standard Template Library", "{6C1306BD-6815-4556-82D4-F09561EF8F5E}"
EndProject
Project("{2150E333-8FDC-42A3-9474-1A3956D46DE8}") = "2 Pointer und Referenzen", "2 Pointer und Referenzen", "{08FC134B-5364-4381-BDE6-C55A369AF200}"
EndProject
Project("{8BC9CEB8-8B4A-11D0-8D11-00A0C91BC942}") = "3_parameter_passing", "2_Pointer_und_Arrays\3_parameter_passing\02_parameter_passing.vcxproj", "{4A152349-61BB-448A-A8D8-D5937FB02764}"
EndProject
Project("{8BC9CEB8-8B4A-11D0-8D11-00A0C91BC942}") = "4_arrays_and_pointers", "2_Pointer_und_Arrays\4_arrays_and_pointers\03_arrays_and_pointers.vcxproj", "{B7BF550B-5FBD-4C52-BD74-390D552BCF71}"
EndProject
Project("{8BC9CEB8-8B4A-11D0-8D11-00A0C91BC942}") = "5_new_and_delete", "2_Pointer_und_Arrays\5_new_and_delete\04_new_and_delete.vcxproj", "{4B389F88-A2FA-48B6-91E5-5763F127185B}"
EndProject
Project("{8BC9CEB8-8B4A-11D0-8D11-00A0C91BC942}") = "1_c_style_pointer", "2_Pointer_und_Arrays\1_c_style_pointer\01_c_style_pointer.vcxproj", "{BEB0D65F-F901-4DFF-B9DB-D41A4BE79BAC}"
EndProject
Project("{8BC9CEB8-8B4A-11D0-8D11-00A0C91BC942}") = "6_function_pointer", "2_Pointer_und_Arrays\6_function_pointer\05_function_pointer.vcxproj", "{40F93BE8-4842-45F9-BEDA-8870499E80EE}"
EndProject
Project("{2150E333-8FDC-42A3-9474-1A3956D46DE8}") = "7 Advanced cpp", "7 Advanced cpp", "{2AFD4213-02C6-4FD0-AE20-4E0A47D29004}"
EndProject
Project("{8BC9CEB8-8B4A-11D0-8D11-00A0C91BC942}") = "01_hello_world", "1_Grundlagen\01_Hello_World\01_Hello_World.vcxproj", "{61CF833D-3944-443C-9286-89D727C880A6}"
EndProject
Project("{8BC9CEB8-8B4A-11D0-8D11-00A0C91BC942}") = "02_console_input", "1_Grundlagen\02_console_input\02_console_input.vcxproj", "{13E975DF-6B48-45FC-8D14-25D4C128AAAB}"
EndProject
Project("{8BC9CEB8-8B4A-11D0-8D11-00A0C91BC942}") = "03_conditionals", "1_Grundlagen\03_conditionals\03_conditionals.vcxproj", "{30D1083B-9E05-4BFF-9EED-26897B484EDA}"
EndProject
Project("{8BC9CEB8-8B4A-11D0-8D11-00A0C91BC942}") = "04_for_loop", "1_Grundlagen\04_for_loop\04_for_loop.vcxproj", "{7121E423-736C-4E56-AE0D-18A6C645A3AC}"
EndProject
Project("{8BC9CEB8-8B4A-11D0-8D11-00A0C91BC942}") = "05_do_while_loop", "1_Grundlagen\05_while_loop\05_while_loop.vcxproj", "{E369794C-A832-488A-BA43-2661E2AA7729}"
EndProject
Project("{8BC9CEB8-8B4A-11D0-8D11-00A0C91BC942}") = "06_while_loop", "1_Grundlagen\06_do_while_loop\06_do_while_loop.vcxproj", "{59AFA40D-A9D5-4A9C-B1CE-FFB18DCDB466}"
EndProject
Project("{8BC9CEB8-8B4A-11D0-8D11-00A0C91BC942}") = "07_Zahlenraten", "1_Grundlagen\07_Zahlenraten\07_Zahlenraten.vcxproj", "{73D7FB77-E343-4500-8425-5C9232676692}"
EndProject
Project("{8BC9CEB8-8B4A-11D0-8D11-00A0C91BC942}") = "08_function_overloading", "1_Grundlagen\08_function_overloading\08_function_overloading.vcxproj", "{8EBA462B-92AB-4C2E-837C-7761E7EB20AD}"
EndProject
Project("{8BC9CEB8-8B4A-11D0-8D11-00A0C91BC942}") = "09_static_cast", "1_Grundlagen\09_explicit_conversions\09_explicit_conversions.vcxproj", "{7E5CBA77-76AB-47D8-BF27-8D39675D18ED}"
EndProject
Project("{2150E333-8FDC-42A3-9474-1A3956D46DE8}") = "4 Patterns", "4 Patterns", "{AAFFC6AA-3193-49C9-B228-D4AC2C7EA8E5}"
EndProject
Project("{2150E333-8FDC-42A3-9474-1A3956D46DE8}") = "5 Templates", "5 Templates", "{11ECA3CD-658D-4CD5-9012-4CD5CB1663FF}"
EndProject
Project("{8BC9CEB8-8B4A-11D0-8D11-00A0C91BC942}") = "1_operator_overloading", "5_Advanced_Cpp\1_operator_overloading\01_operator_overloading.vcxproj", "{AA3CBFE2-D1BC-4F99-84BE-1AF27D2D862A}"
EndProject
Project("{8BC9CEB8-8B4A-11D0-8D11-00A0C91BC942}") = "2_exception_handling", "5_Advanced_Cpp\2_exceptions\Exception.vcxproj", "{34446B82-D2C3-42A4-98F9-FF622C87330F}"
EndProject
Project("{8BC9CEB8-8B4A-11D0-8D11-00A0C91BC942}") = "1_state_pattern", "7_Patterns\1_state_pattern\1_state_pattern.vcxproj", "{CA45881B-0200-4C3F-8598-E9775E861FF3}"
EndProject
Project("{8BC9CEB8-8B4A-11D0-8D11-00A0C91BC942}") = "1_function_template", "4_Templates\1_function_template\01_function_template.vcxproj", "{92F22C2F-8085-4829-8B30-8CCBA07EC1CC}"
EndProject
Project("{8BC9CEB8-8B4A-11D0-8D11-00A0C91BC942}") = "2_class_template", "4_Templates\2_class_template\02_class_template.vcxproj", "{0154D3A6-BF82-4F1F-A03B-B1E3CA69CC5E}"
EndProject
Project("{8BC9CEB8-8B4A-11D0-8D11-00A0C91BC942}") = "1_unique_ptr", "6_Standard_Template_Library\1_unique_ptr\1_unique_ptr.vcxproj", "{75DD8B9F-B16F-4DD7-88B6-C1E57E863A9F}"
EndProject
Project("{8BC9CEB8-8B4A-11D0-8D11-00A0C91BC942}") = "2_shared_ptr", "6_Standard_Template_Library\2_shared_ptr\2_shared_ptr.vcxproj", "{7B8EB848-4324-4118-BF2B-7DD06E1E8C99}"
EndProject
Project("{8BC9CEB8-8B4A-11D0-8D11-00A0C91BC942}") = "3_containers_and_iterators", "6_Standard_Template_Library\3_containers_and_iterators\3_containers_and_iterators.vcxproj", "{8AAE8EA2-3B76-46F5-A8A9-AB9FAF97A90E}"
EndProject
Project("{8BC9CEB8-8B4A-11D0-8D11-00A0C91BC942}") = "10_struct_enum_typedef", "1_Grundlagen\10_struct_enum_typedef\10_struct_and_enum.vcxproj", "{ECB60E2C-FB88-41A3-B2AA-935BCB9F223B}"
EndProject
Project("{8BC9CEB8-8B4A-11D0-8D11-00A0C91BC942}") = "4_algorithms", "6_Standard_Template_Library\4_algorithms\4_algorithms.vcxproj", "{419ACFA5-BFC1-44B4-9439-A3DAA3F178CF}"
EndProject
Project("{8BC9CEB8-8B4A-11D0-8D11-00A0C91BC942}") = "4_copy_constructor", "3_Objektorientierung\4_copy_constructor\4_copy_constructor.vcxproj", "{B8B29990-EE3C-40E6-A448-ADBDD3C98801}"
EndProject
Project("{8BC9CEB8-8B4A-11D0-8D11-00A0C91BC942}") = "5_regular_expressions", "6_Standard_Template_Library\5_regular_expressions\5_regular_expressions.vcxproj", "{47E69AFC-443E-45A4-A799-F1C717FA8736}"
EndProject
Project("{8BC9CEB8-8B4A-11D0-8D11-00A0C91BC942}") = "6_tuple", "6_Standard_Template_Library\6_tuple\6_tuple.vcxproj", "{1B798BA5-547B-43B2-9B54-9795C22667AF}"
EndProject
Project("{8BC9CEB8-8B4A-11D0-8D11-00A0C91BC942}") = "7_thread_lambda_functor", "6_Standard_Template_Library\7_thread_lambda_functor\7_thread_lambda_functor.vcxproj", "{B0FBCAE4-10CC-40C1-A645-DFFA8BFA30A7}"
EndProject
Project("{8BC9CEB8-8B4A-11D0-8D11-00A0C91BC942}") = "4_singleton_antipattern", "7_Patterns\2_singleton_antipattern\2_singleton_antipattern.vcxproj", "{A4BA88BE-892A-4E08-943D-C7D19FFB3D8C}"
EndProject
Project("{8BC9CEB8-8B4A-11D0-8D11-00A0C91BC942}") = "3_strategy_pattern", "7_Patterns\3_strategy_pattern\3_strategy_pattern.vcxproj", "{4416755F-99CA-4E9B-B33B-402FD40C38F2}"
EndProject
Project("{8BC9CEB8-8B4A-11D0-8D11-00A0C91BC942}") = "8_fstream", "6_Standard_Template_Library\8_fstream\8_fstream.vcxproj", "{A836DEEC-C5D1-4AA7-8E83-727A90BD040D}"
EndProject
Project("{8BC9CEB8-8B4A-11D0-8D11-00A0C91BC942}") = "2_adaptor_pattern", "7_Patterns\4_adaptor_pattern\4_adaptor_pattern.vcxproj", "{413B61AE-5B9B-4E2E-80F1-F9774E0F40A9}"
EndProject
Project("{8BC9CEB8-8B4A-11D0-8D11-00A0C91BC942}") = "2_const_pointer", "2_Pointer_und_Arrays\2_const_pointer\2_const_pointer.vcxproj", "{3427B341-CF95-4F12-A10F-1E4AB314E39A}"
EndProject
Project("{8BC9CEB8-8B4A-11D0-8D11-00A0C91BC942}") = "3_inheritance", "3_Objektorientierung\3_Vererbung\3_Vererbung.vcxproj", "{70ED2EF8-217B-443B-9D84-7BC3976A29FB}"
EndProject
Project("{8BC9CEB8-8B4A-11D0-8D11-00A0C91BC942}") = "3_functor", "5_Advanced_Cpp\3_functor\3_functor.vcxproj", "{C20B321C-FCD3-4371-8A9B-3BFC57EB3F7A}"
EndProject
Project("{8BC9CEB8-8B4A-11D0-8D11-00A0C91BC942}") = "4_multiple_inheritance", "5_Advanced_Cpp\4_multiple_inheritance\4_multiple_inheritance.vcxproj", "{00F09D49-2C07-426E-92A7-951405419E69}"
EndProject
Project("{8BC9CEB8-8B4A-11D0-8D11-00A0C91BC942}") = "3_class_template", "3_class_template\3_class_template.vcxproj", "{73CF4C1D-54F2-40FE-BB52-B0792EB47A6D}"
EndProject
Project("{8BC9CEB8-8B4A-11D0-8D11-00A0C91BC942}") = "1_composition", "3_Objektorientierung\1_Composition\2_composition.vcxproj", "{9E70C4B5-16A3-4055-AEFC-8E640A742218}"
EndProject
Project("{8BC9CEB8-8B4A-11D0-8D11-00A0C91BC942}") = "2_encapsulation", "3_Objektorientierung\2_Kapselung\01_Kapselung.vcxproj", "{EC20F909-81B1-4AB4-A3AD-BF7B4CC296A4}"
EndProject
Global
	GlobalSection(SolutionConfigurationPlatforms) = preSolution
		Debug|x64 = Debug|x64
		Debug|x86 = Debug|x86
		Release|x64 = Release|x64
		Release|x86 = Release|x86
		Template|x64 = Template|x64
		Template|x86 = Template|x86
	EndGlobalSection
	GlobalSection(ProjectConfigurationPlatforms) = postSolution
		{4A152349-61BB-448A-A8D8-D5937FB02764}.Debug|x64.ActiveCfg = Debug|x64
		{4A152349-61BB-448A-A8D8-D5937FB02764}.Debug|x64.Build.0 = Debug|x64
		{4A152349-61BB-448A-A8D8-D5937FB02764}.Debug|x86.ActiveCfg = Debug|x64
		{4A152349-61BB-448A-A8D8-D5937FB02764}.Debug|x86.Build.0 = Debug|x64
		{4A152349-61BB-448A-A8D8-D5937FB02764}.Release|x64.ActiveCfg = Release|x64
		{4A152349-61BB-448A-A8D8-D5937FB02764}.Release|x64.Build.0 = Release|x64
		{4A152349-61BB-448A-A8D8-D5937FB02764}.Release|x86.ActiveCfg = Release|x64
		{4A152349-61BB-448A-A8D8-D5937FB02764}.Release|x86.Build.0 = Release|x64
		{4A152349-61BB-448A-A8D8-D5937FB02764}.Template|x64.ActiveCfg = Release|x64
		{4A152349-61BB-448A-A8D8-D5937FB02764}.Template|x64.Build.0 = Release|x64
		{4A152349-61BB-448A-A8D8-D5937FB02764}.Template|x86.ActiveCfg = Release|x64
		{4A152349-61BB-448A-A8D8-D5937FB02764}.Template|x86.Build.0 = Release|x64
		{B7BF550B-5FBD-4C52-BD74-390D552BCF71}.Debug|x64.ActiveCfg = Debug|x64
		{B7BF550B-5FBD-4C52-BD74-390D552BCF71}.Debug|x64.Build.0 = Debug|x64
		{B7BF550B-5FBD-4C52-BD74-390D552BCF71}.Debug|x86.ActiveCfg = Debug|x64
		{B7BF550B-5FBD-4C52-BD74-390D552BCF71}.Debug|x86.Build.0 = Debug|x64
		{B7BF550B-5FBD-4C52-BD74-390D552BCF71}.Release|x64.ActiveCfg = Release|x64
		{B7BF550B-5FBD-4C52-BD74-390D552BCF71}.Release|x64.Build.0 = Release|x64
		{B7BF550B-5FBD-4C52-BD74-390D552BCF71}.Release|x86.ActiveCfg = Release|x64
		{B7BF550B-5FBD-4C52-BD74-390D552BCF71}.Release|x86.Build.0 = Release|x64
		{B7BF550B-5FBD-4C52-BD74-390D552BCF71}.Template|x64.ActiveCfg = Release|x64
		{B7BF550B-5FBD-4C52-BD74-390D552BCF71}.Template|x64.Build.0 = Release|x64
		{B7BF550B-5FBD-4C52-BD74-390D552BCF71}.Template|x86.ActiveCfg = Release|x64
		{B7BF550B-5FBD-4C52-BD74-390D552BCF71}.Template|x86.Build.0 = Release|x64
		{4B389F88-A2FA-48B6-91E5-5763F127185B}.Debug|x64.ActiveCfg = Debug|x64
		{4B389F88-A2FA-48B6-91E5-5763F127185B}.Debug|x64.Build.0 = Debug|x64
		{4B389F88-A2FA-48B6-91E5-5763F127185B}.Debug|x86.ActiveCfg = Debug|x64
		{4B389F88-A2FA-48B6-91E5-5763F127185B}.Debug|x86.Build.0 = Debug|x64
		{4B389F88-A2FA-48B6-91E5-5763F127185B}.Release|x64.ActiveCfg = Release|x64
		{4B389F88-A2FA-48B6-91E5-5763F127185B}.Release|x64.Build.0 = Release|x64
		{4B389F88-A2FA-48B6-91E5-5763F127185B}.Release|x86.ActiveCfg = Release|x64
		{4B389F88-A2FA-48B6-91E5-5763F127185B}.Release|x86.Build.0 = Release|x64
		{4B389F88-A2FA-48B6-91E5-5763F127185B}.Template|x64.ActiveCfg = Release|x64
		{4B389F88-A2FA-48B6-91E5-5763F127185B}.Template|x64.Build.0 = Release|x64
		{4B389F88-A2FA-48B6-91E5-5763F127185B}.Template|x86.ActiveCfg = Release|x64
		{4B389F88-A2FA-48B6-91E5-5763F127185B}.Template|x86.Build.0 = Release|x64
		{BEB0D65F-F901-4DFF-B9DB-D41A4BE79BAC}.Debug|x64.ActiveCfg = Debug|x64
		{BEB0D65F-F901-4DFF-B9DB-D41A4BE79BAC}.Debug|x64.Build.0 = Debug|x64
		{BEB0D65F-F901-4DFF-B9DB-D41A4BE79BAC}.Debug|x86.ActiveCfg = Debug|Win32
		{BEB0D65F-F901-4DFF-B9DB-D41A4BE79BAC}.Debug|x86.Build.0 = Debug|Win32
		{BEB0D65F-F901-4DFF-B9DB-D41A4BE79BAC}.Release|x64.ActiveCfg = Release|x64
		{BEB0D65F-F901-4DFF-B9DB-D41A4BE79BAC}.Release|x64.Build.0 = Release|x64
		{BEB0D65F-F901-4DFF-B9DB-D41A4BE79BAC}.Release|x86.ActiveCfg = Release|Win32
		{BEB0D65F-F901-4DFF-B9DB-D41A4BE79BAC}.Release|x86.Build.0 = Release|Win32
		{BEB0D65F-F901-4DFF-B9DB-D41A4BE79BAC}.Template|x64.ActiveCfg = Release|x64
		{BEB0D65F-F901-4DFF-B9DB-D41A4BE79BAC}.Template|x64.Build.0 = Release|x64
		{BEB0D65F-F901-4DFF-B9DB-D41A4BE79BAC}.Template|x86.ActiveCfg = Release|Win32
		{BEB0D65F-F901-4DFF-B9DB-D41A4BE79BAC}.Template|x86.Build.0 = Release|Win32
		{40F93BE8-4842-45F9-BEDA-8870499E80EE}.Debug|x64.ActiveCfg = Debug|Win32
		{40F93BE8-4842-45F9-BEDA-8870499E80EE}.Debug|x64.Build.0 = Debug|Win32
		{40F93BE8-4842-45F9-BEDA-8870499E80EE}.Debug|x86.ActiveCfg = Debug|Win32
		{40F93BE8-4842-45F9-BEDA-8870499E80EE}.Debug|x86.Build.0 = Debug|Win32
		{40F93BE8-4842-45F9-BEDA-8870499E80EE}.Release|x64.ActiveCfg = Release|Win32
		{40F93BE8-4842-45F9-BEDA-8870499E80EE}.Release|x64.Build.0 = Release|Win32
		{40F93BE8-4842-45F9-BEDA-8870499E80EE}.Release|x86.ActiveCfg = Release|Win32
		{40F93BE8-4842-45F9-BEDA-8870499E80EE}.Release|x86.Build.0 = Release|Win32
		{40F93BE8-4842-45F9-BEDA-8870499E80EE}.Template|x64.ActiveCfg = Release|Win32
		{40F93BE8-4842-45F9-BEDA-8870499E80EE}.Template|x64.Build.0 = Release|Win32
		{40F93BE8-4842-45F9-BEDA-8870499E80EE}.Template|x86.ActiveCfg = Release|Win32
		{40F93BE8-4842-45F9-BEDA-8870499E80EE}.Template|x86.Build.0 = Release|Win32
		{61CF833D-3944-443C-9286-89D727C880A6}.Debug|x64.ActiveCfg = Debug|x64
		{61CF833D-3944-443C-9286-89D727C880A6}.Debug|x64.Build.0 = Debug|x64
		{61CF833D-3944-443C-9286-89D727C880A6}.Debug|x86.ActiveCfg = Debug|Win32
		{61CF833D-3944-443C-9286-89D727C880A6}.Debug|x86.Build.0 = Debug|Win32
		{61CF833D-3944-443C-9286-89D727C880A6}.Release|x64.ActiveCfg = Release|x64
		{61CF833D-3944-443C-9286-89D727C880A6}.Release|x64.Build.0 = Release|x64
		{61CF833D-3944-443C-9286-89D727C880A6}.Release|x86.ActiveCfg = Release|Win32
		{61CF833D-3944-443C-9286-89D727C880A6}.Release|x86.Build.0 = Release|Win32
		{61CF833D-3944-443C-9286-89D727C880A6}.Template|x64.ActiveCfg = Release|x64
		{61CF833D-3944-443C-9286-89D727C880A6}.Template|x64.Build.0 = Release|x64
		{61CF833D-3944-443C-9286-89D727C880A6}.Template|x86.ActiveCfg = Release|Win32
		{61CF833D-3944-443C-9286-89D727C880A6}.Template|x86.Build.0 = Release|Win32
		{13E975DF-6B48-45FC-8D14-25D4C128AAAB}.Debug|x64.ActiveCfg = Debug|x64
		{13E975DF-6B48-45FC-8D14-25D4C128AAAB}.Debug|x64.Build.0 = Debug|x64
		{13E975DF-6B48-45FC-8D14-25D4C128AAAB}.Debug|x86.ActiveCfg = Debug|Win32
		{13E975DF-6B48-45FC-8D14-25D4C128AAAB}.Debug|x86.Build.0 = Debug|Win32
		{13E975DF-6B48-45FC-8D14-25D4C128AAAB}.Release|x64.ActiveCfg = Release|x64
		{13E975DF-6B48-45FC-8D14-25D4C128AAAB}.Release|x64.Build.0 = Release|x64
		{13E975DF-6B48-45FC-8D14-25D4C128AAAB}.Release|x86.ActiveCfg = Release|Win32
		{13E975DF-6B48-45FC-8D14-25D4C128AAAB}.Release|x86.Build.0 = Release|Win32
		{13E975DF-6B48-45FC-8D14-25D4C128AAAB}.Template|x64.ActiveCfg = Release|x64
		{13E975DF-6B48-45FC-8D14-25D4C128AAAB}.Template|x64.Build.0 = Release|x64
		{13E975DF-6B48-45FC-8D14-25D4C128AAAB}.Template|x86.ActiveCfg = Release|Win32
		{13E975DF-6B48-45FC-8D14-25D4C128AAAB}.Template|x86.Build.0 = Release|Win32
		{30D1083B-9E05-4BFF-9EED-26897B484EDA}.Debug|x64.ActiveCfg = Debug|x64
		{30D1083B-9E05-4BFF-9EED-26897B484EDA}.Debug|x64.Build.0 = Debug|x64
		{30D1083B-9E05-4BFF-9EED-26897B484EDA}.Debug|x86.ActiveCfg = Debug|Win32
		{30D1083B-9E05-4BFF-9EED-26897B484EDA}.Debug|x86.Build.0 = Debug|Win32
		{30D1083B-9E05-4BFF-9EED-26897B484EDA}.Release|x64.ActiveCfg = Release|x64
		{30D1083B-9E05-4BFF-9EED-26897B484EDA}.Release|x64.Build.0 = Release|x64
		{30D1083B-9E05-4BFF-9EED-26897B484EDA}.Release|x86.ActiveCfg = Release|Win32
		{30D1083B-9E05-4BFF-9EED-26897B484EDA}.Release|x86.Build.0 = Release|Win32
		{30D1083B-9E05-4BFF-9EED-26897B484EDA}.Template|x64.ActiveCfg = Release|x64
		{30D1083B-9E05-4BFF-9EED-26897B484EDA}.Template|x64.Build.0 = Release|x64
		{30D1083B-9E05-4BFF-9EED-26897B484EDA}.Template|x86.ActiveCfg = Release|Win32
		{30D1083B-9E05-4BFF-9EED-26897B484EDA}.Template|x86.Build.0 = Release|Win32
		{7121E423-736C-4E56-AE0D-18A6C645A3AC}.Debug|x64.ActiveCfg = Debug|x64
		{7121E423-736C-4E56-AE0D-18A6C645A3AC}.Debug|x64.Build.0 = Debug|x64
		{7121E423-736C-4E56-AE0D-18A6C645A3AC}.Debug|x86.ActiveCfg = Debug|Win32
		{7121E423-736C-4E56-AE0D-18A6C645A3AC}.Debug|x86.Build.0 = Debug|Win32
		{7121E423-736C-4E56-AE0D-18A6C645A3AC}.Release|x64.ActiveCfg = Release|x64
		{7121E423-736C-4E56-AE0D-18A6C645A3AC}.Release|x64.Build.0 = Release|x64
		{7121E423-736C-4E56-AE0D-18A6C645A3AC}.Release|x86.ActiveCfg = Release|Win32
		{7121E423-736C-4E56-AE0D-18A6C645A3AC}.Release|x86.Build.0 = Release|Win32
		{7121E423-736C-4E56-AE0D-18A6C645A3AC}.Template|x64.ActiveCfg = Release|x64
		{7121E423-736C-4E56-AE0D-18A6C645A3AC}.Template|x64.Build.0 = Release|x64
		{7121E423-736C-4E56-AE0D-18A6C645A3AC}.Template|x86.ActiveCfg = Release|Win32
		{7121E423-736C-4E56-AE0D-18A6C645A3AC}.Template|x86.Build.0 = Release|Win32
		{E369794C-A832-488A-BA43-2661E2AA7729}.Debug|x64.ActiveCfg = Debug|x64
		{E369794C-A832-488A-BA43-2661E2AA7729}.Debug|x64.Build.0 = Debug|x64
		{E369794C-A832-488A-BA43-2661E2AA7729}.Debug|x86.ActiveCfg = Debug|Win32
		{E369794C-A832-488A-BA43-2661E2AA7729}.Debug|x86.Build.0 = Debug|Win32
		{E369794C-A832-488A-BA43-2661E2AA7729}.Release|x64.ActiveCfg = Release|x64
		{E369794C-A832-488A-BA43-2661E2AA7729}.Release|x64.Build.0 = Release|x64
		{E369794C-A832-488A-BA43-2661E2AA7729}.Release|x86.ActiveCfg = Release|Win32
		{E369794C-A832-488A-BA43-2661E2AA7729}.Release|x86.Build.0 = Release|Win32
		{E369794C-A832-488A-BA43-2661E2AA7729}.Template|x64.ActiveCfg = Release|x64
		{E369794C-A832-488A-BA43-2661E2AA7729}.Template|x64.Build.0 = Release|x64
		{E369794C-A832-488A-BA43-2661E2AA7729}.Template|x86.ActiveCfg = Release|Win32
		{E369794C-A832-488A-BA43-2661E2AA7729}.Template|x86.Build.0 = Release|Win32
		{59AFA40D-A9D5-4A9C-B1CE-FFB18DCDB466}.Debug|x64.ActiveCfg = Debug|x64
		{59AFA40D-A9D5-4A9C-B1CE-FFB18DCDB466}.Debug|x64.Build.0 = Debug|x64
		{59AFA40D-A9D5-4A9C-B1CE-FFB18DCDB466}.Debug|x86.ActiveCfg = Debug|Win32
		{59AFA40D-A9D5-4A9C-B1CE-FFB18DCDB466}.Debug|x86.Build.0 = Debug|Win32
		{59AFA40D-A9D5-4A9C-B1CE-FFB18DCDB466}.Release|x64.ActiveCfg = Release|x64
		{59AFA40D-A9D5-4A9C-B1CE-FFB18DCDB466}.Release|x64.Build.0 = Release|x64
		{59AFA40D-A9D5-4A9C-B1CE-FFB18DCDB466}.Release|x86.ActiveCfg = Release|Win32
		{59AFA40D-A9D5-4A9C-B1CE-FFB18DCDB466}.Release|x86.Build.0 = Release|Win32
		{59AFA40D-A9D5-4A9C-B1CE-FFB18DCDB466}.Template|x64.ActiveCfg = Release|x64
		{59AFA40D-A9D5-4A9C-B1CE-FFB18DCDB466}.Template|x64.Build.0 = Release|x64
		{59AFA40D-A9D5-4A9C-B1CE-FFB18DCDB466}.Template|x86.ActiveCfg = Release|Win32
		{59AFA40D-A9D5-4A9C-B1CE-FFB18DCDB466}.Template|x86.Build.0 = Release|Win32
		{73D7FB77-E343-4500-8425-5C9232676692}.Debug|x64.ActiveCfg = Debug|x64
		{73D7FB77-E343-4500-8425-5C9232676692}.Debug|x64.Build.0 = Debug|x64
		{73D7FB77-E343-4500-8425-5C9232676692}.Debug|x86.ActiveCfg = Debug|Win32
		{73D7FB77-E343-4500-8425-5C9232676692}.Debug|x86.Build.0 = Debug|Win32
		{73D7FB77-E343-4500-8425-5C9232676692}.Release|x64.ActiveCfg = Release|x64
		{73D7FB77-E343-4500-8425-5C9232676692}.Release|x64.Build.0 = Release|x64
		{73D7FB77-E343-4500-8425-5C9232676692}.Release|x86.ActiveCfg = Release|Win32
		{73D7FB77-E343-4500-8425-5C9232676692}.Release|x86.Build.0 = Release|Win32
		{73D7FB77-E343-4500-8425-5C9232676692}.Template|x64.ActiveCfg = Release|x64
		{73D7FB77-E343-4500-8425-5C9232676692}.Template|x64.Build.0 = Release|x64
		{73D7FB77-E343-4500-8425-5C9232676692}.Template|x86.ActiveCfg = Release|Win32
		{73D7FB77-E343-4500-8425-5C9232676692}.Template|x86.Build.0 = Release|Win32
		{8EBA462B-92AB-4C2E-837C-7761E7EB20AD}.Debug|x64.ActiveCfg = Debug|x64
		{8EBA462B-92AB-4C2E-837C-7761E7EB20AD}.Debug|x64.Build.0 = Debug|x64
		{8EBA462B-92AB-4C2E-837C-7761E7EB20AD}.Debug|x86.ActiveCfg = Debug|Win32
		{8EBA462B-92AB-4C2E-837C-7761E7EB20AD}.Debug|x86.Build.0 = Debug|Win32
		{8EBA462B-92AB-4C2E-837C-7761E7EB20AD}.Release|x64.ActiveCfg = Release|x64
		{8EBA462B-92AB-4C2E-837C-7761E7EB20AD}.Release|x64.Build.0 = Release|x64
		{8EBA462B-92AB-4C2E-837C-7761E7EB20AD}.Release|x86.ActiveCfg = Release|Win32
		{8EBA462B-92AB-4C2E-837C-7761E7EB20AD}.Release|x86.Build.0 = Release|Win32
		{8EBA462B-92AB-4C2E-837C-7761E7EB20AD}.Template|x64.ActiveCfg = Release|x64
		{8EBA462B-92AB-4C2E-837C-7761E7EB20AD}.Template|x64.Build.0 = Release|x64
		{8EBA462B-92AB-4C2E-837C-7761E7EB20AD}.Template|x86.ActiveCfg = Release|Win32
		{8EBA462B-92AB-4C2E-837C-7761E7EB20AD}.Template|x86.Build.0 = Release|Win32
		{7E5CBA77-76AB-47D8-BF27-8D39675D18ED}.Debug|x64.ActiveCfg = Debug|x64
		{7E5CBA77-76AB-47D8-BF27-8D39675D18ED}.Debug|x64.Build.0 = Debug|x64
		{7E5CBA77-76AB-47D8-BF27-8D39675D18ED}.Debug|x86.ActiveCfg = Debug|Win32
		{7E5CBA77-76AB-47D8-BF27-8D39675D18ED}.Debug|x86.Build.0 = Debug|Win32
		{7E5CBA77-76AB-47D8-BF27-8D39675D18ED}.Release|x64.ActiveCfg = Release|x64
		{7E5CBA77-76AB-47D8-BF27-8D39675D18ED}.Release|x64.Build.0 = Release|x64
		{7E5CBA77-76AB-47D8-BF27-8D39675D18ED}.Release|x86.ActiveCfg = Release|Win32
		{7E5CBA77-76AB-47D8-BF27-8D39675D18ED}.Release|x86.Build.0 = Release|Win32
		{7E5CBA77-76AB-47D8-BF27-8D39675D18ED}.Template|x64.ActiveCfg = Release|x64
		{7E5CBA77-76AB-47D8-BF27-8D39675D18ED}.Template|x64.Build.0 = Release|x64
		{7E5CBA77-76AB-47D8-BF27-8D39675D18ED}.Template|x86.ActiveCfg = Release|Win32
		{7E5CBA77-76AB-47D8-BF27-8D39675D18ED}.Template|x86.Build.0 = Release|Win32
		{AA3CBFE2-D1BC-4F99-84BE-1AF27D2D862A}.Debug|x64.ActiveCfg = Debug|Win32
		{AA3CBFE2-D1BC-4F99-84BE-1AF27D2D862A}.Debug|x64.Build.0 = Debug|Win32
		{AA3CBFE2-D1BC-4F99-84BE-1AF27D2D862A}.Debug|x86.ActiveCfg = Debug|Win32
		{AA3CBFE2-D1BC-4F99-84BE-1AF27D2D862A}.Debug|x86.Build.0 = Debug|Win32
		{AA3CBFE2-D1BC-4F99-84BE-1AF27D2D862A}.Release|x64.ActiveCfg = Release|Win32
		{AA3CBFE2-D1BC-4F99-84BE-1AF27D2D862A}.Release|x64.Build.0 = Release|Win32
		{AA3CBFE2-D1BC-4F99-84BE-1AF27D2D862A}.Release|x86.ActiveCfg = Release|Win32
		{AA3CBFE2-D1BC-4F99-84BE-1AF27D2D862A}.Release|x86.Build.0 = Release|Win32
		{AA3CBFE2-D1BC-4F99-84BE-1AF27D2D862A}.Template|x64.ActiveCfg = Debug|Win32
		{AA3CBFE2-D1BC-4F99-84BE-1AF27D2D862A}.Template|x64.Build.0 = Debug|Win32
		{AA3CBFE2-D1BC-4F99-84BE-1AF27D2D862A}.Template|x86.ActiveCfg = Debug|Win32
		{AA3CBFE2-D1BC-4F99-84BE-1AF27D2D862A}.Template|x86.Build.0 = Debug|Win32
		{34446B82-D2C3-42A4-98F9-FF622C87330F}.Debug|x64.ActiveCfg = Debug|Win32
		{34446B82-D2C3-42A4-98F9-FF622C87330F}.Debug|x64.Build.0 = Debug|Win32
		{34446B82-D2C3-42A4-98F9-FF622C87330F}.Debug|x86.ActiveCfg = Debug|Win32
		{34446B82-D2C3-42A4-98F9-FF622C87330F}.Debug|x86.Build.0 = Debug|Win32
		{34446B82-D2C3-42A4-98F9-FF622C87330F}.Release|x64.ActiveCfg = Release|Win32
		{34446B82-D2C3-42A4-98F9-FF622C87330F}.Release|x64.Build.0 = Release|Win32
		{34446B82-D2C3-42A4-98F9-FF622C87330F}.Release|x86.ActiveCfg = Release|Win32
		{34446B82-D2C3-42A4-98F9-FF622C87330F}.Release|x86.Build.0 = Release|Win32
		{34446B82-D2C3-42A4-98F9-FF622C87330F}.Template|x64.ActiveCfg = Template|Win32
		{34446B82-D2C3-42A4-98F9-FF622C87330F}.Template|x64.Build.0 = Template|Win32
		{34446B82-D2C3-42A4-98F9-FF622C87330F}.Template|x86.ActiveCfg = Template|Win32
		{34446B82-D2C3-42A4-98F9-FF622C87330F}.Template|x86.Build.0 = Template|Win32
		{CA45881B-0200-4C3F-8598-E9775E861FF3}.Debug|x64.ActiveCfg = Debug|x64
		{CA45881B-0200-4C3F-8598-E9775E861FF3}.Debug|x64.Build.0 = Debug|x64
		{CA45881B-0200-4C3F-8598-E9775E861FF3}.Debug|x86.ActiveCfg = Debug|Win32
		{CA45881B-0200-4C3F-8598-E9775E861FF3}.Debug|x86.Build.0 = Debug|Win32
		{CA45881B-0200-4C3F-8598-E9775E861FF3}.Release|x64.ActiveCfg = Release|x64
		{CA45881B-0200-4C3F-8598-E9775E861FF3}.Release|x64.Build.0 = Release|x64
		{CA45881B-0200-4C3F-8598-E9775E861FF3}.Release|x86.ActiveCfg = Release|Win32
		{CA45881B-0200-4C3F-8598-E9775E861FF3}.Release|x86.Build.0 = Release|Win32
		{CA45881B-0200-4C3F-8598-E9775E861FF3}.Template|x64.ActiveCfg = Debug|x64
		{CA45881B-0200-4C3F-8598-E9775E861FF3}.Template|x64.Build.0 = Debug|x64
		{CA45881B-0200-4C3F-8598-E9775E861FF3}.Template|x86.ActiveCfg = Debug|Win32
		{CA45881B-0200-4C3F-8598-E9775E861FF3}.Template|x86.Build.0 = Debug|Win32
		{92F22C2F-8085-4829-8B30-8CCBA07EC1CC}.Debug|x64.ActiveCfg = Debug|Win32
		{92F22C2F-8085-4829-8B30-8CCBA07EC1CC}.Debug|x64.Build.0 = Debug|Win32
		{92F22C2F-8085-4829-8B30-8CCBA07EC1CC}.Debug|x86.ActiveCfg = Debug|Win32
		{92F22C2F-8085-4829-8B30-8CCBA07EC1CC}.Debug|x86.Build.0 = Debug|Win32
		{92F22C2F-8085-4829-8B30-8CCBA07EC1CC}.Release|x64.ActiveCfg = Release|Win32
		{92F22C2F-8085-4829-8B30-8CCBA07EC1CC}.Release|x64.Build.0 = Release|Win32
		{92F22C2F-8085-4829-8B30-8CCBA07EC1CC}.Release|x86.ActiveCfg = Release|Win32
		{92F22C2F-8085-4829-8B30-8CCBA07EC1CC}.Release|x86.Build.0 = Release|Win32
		{92F22C2F-8085-4829-8B30-8CCBA07EC1CC}.Template|x64.ActiveCfg = Template|Win32
		{92F22C2F-8085-4829-8B30-8CCBA07EC1CC}.Template|x64.Build.0 = Template|Win32
		{92F22C2F-8085-4829-8B30-8CCBA07EC1CC}.Template|x86.ActiveCfg = Template|Win32
		{92F22C2F-8085-4829-8B30-8CCBA07EC1CC}.Template|x86.Build.0 = Template|Win32
		{0154D3A6-BF82-4F1F-A03B-B1E3CA69CC5E}.Debug|x64.ActiveCfg = Debug|Win32
		{0154D3A6-BF82-4F1F-A03B-B1E3CA69CC5E}.Debug|x64.Build.0 = Debug|Win32
		{0154D3A6-BF82-4F1F-A03B-B1E3CA69CC5E}.Debug|x86.ActiveCfg = Debug|Win32
		{0154D3A6-BF82-4F1F-A03B-B1E3CA69CC5E}.Debug|x86.Build.0 = Debug|Win32
		{0154D3A6-BF82-4F1F-A03B-B1E3CA69CC5E}.Release|x64.ActiveCfg = Release|Win32
		{0154D3A6-BF82-4F1F-A03B-B1E3CA69CC5E}.Release|x64.Build.0 = Release|Win32
		{0154D3A6-BF82-4F1F-A03B-B1E3CA69CC5E}.Release|x86.ActiveCfg = Release|Win32
		{0154D3A6-BF82-4F1F-A03B-B1E3CA69CC5E}.Release|x86.Build.0 = Release|Win32
		{0154D3A6-BF82-4F1F-A03B-B1E3CA69CC5E}.Template|x64.ActiveCfg = Template|Win32
		{0154D3A6-BF82-4F1F-A03B-B1E3CA69CC5E}.Template|x64.Build.0 = Template|Win32
		{0154D3A6-BF82-4F1F-A03B-B1E3CA69CC5E}.Template|x86.ActiveCfg = Template|Win32
		{0154D3A6-BF82-4F1F-A03B-B1E3CA69CC5E}.Template|x86.Build.0 = Template|Win32
		{75DD8B9F-B16F-4DD7-88B6-C1E57E863A9F}.Debug|x64.ActiveCfg = Debug|x64
		{75DD8B9F-B16F-4DD7-88B6-C1E57E863A9F}.Debug|x64.Build.0 = Debug|x64
		{75DD8B9F-B16F-4DD7-88B6-C1E57E863A9F}.Debug|x86.ActiveCfg = Debug|Win32
		{75DD8B9F-B16F-4DD7-88B6-C1E57E863A9F}.Debug|x86.Build.0 = Debug|Win32
		{75DD8B9F-B16F-4DD7-88B6-C1E57E863A9F}.Release|x64.ActiveCfg = Release|x64
		{75DD8B9F-B16F-4DD7-88B6-C1E57E863A9F}.Release|x64.Build.0 = Release|x64
		{75DD8B9F-B16F-4DD7-88B6-C1E57E863A9F}.Release|x86.ActiveCfg = Release|Win32
		{75DD8B9F-B16F-4DD7-88B6-C1E57E863A9F}.Release|x86.Build.0 = Release|Win32
		{75DD8B9F-B16F-4DD7-88B6-C1E57E863A9F}.Template|x64.ActiveCfg = Debug|x64
		{75DD8B9F-B16F-4DD7-88B6-C1E57E863A9F}.Template|x64.Build.0 = Debug|x64
		{75DD8B9F-B16F-4DD7-88B6-C1E57E863A9F}.Template|x86.ActiveCfg = Debug|Win32
		{75DD8B9F-B16F-4DD7-88B6-C1E57E863A9F}.Template|x86.Build.0 = Debug|Win32
		{7B8EB848-4324-4118-BF2B-7DD06E1E8C99}.Debug|x64.ActiveCfg = Debug|x64
		{7B8EB848-4324-4118-BF2B-7DD06E1E8C99}.Debug|x64.Build.0 = Debug|x64
		{7B8EB848-4324-4118-BF2B-7DD06E1E8C99}.Debug|x86.ActiveCfg = Debug|Win32
		{7B8EB848-4324-4118-BF2B-7DD06E1E8C99}.Debug|x86.Build.0 = Debug|Win32
		{7B8EB848-4324-4118-BF2B-7DD06E1E8C99}.Release|x64.ActiveCfg = Release|x64
		{7B8EB848-4324-4118-BF2B-7DD06E1E8C99}.Release|x64.Build.0 = Release|x64
		{7B8EB848-4324-4118-BF2B-7DD06E1E8C99}.Release|x86.ActiveCfg = Release|Win32
		{7B8EB848-4324-4118-BF2B-7DD06E1E8C99}.Release|x86.Build.0 = Release|Win32
		{7B8EB848-4324-4118-BF2B-7DD06E1E8C99}.Template|x64.ActiveCfg = Debug|x64
		{7B8EB848-4324-4118-BF2B-7DD06E1E8C99}.Template|x64.Build.0 = Debug|x64
		{7B8EB848-4324-4118-BF2B-7DD06E1E8C99}.Template|x86.ActiveCfg = Debug|Win32
		{7B8EB848-4324-4118-BF2B-7DD06E1E8C99}.Template|x86.Build.0 = Debug|Win32
		{8AAE8EA2-3B76-46F5-A8A9-AB9FAF97A90E}.Debug|x64.ActiveCfg = Debug|x64
		{8AAE8EA2-3B76-46F5-A8A9-AB9FAF97A90E}.Debug|x64.Build.0 = Debug|x64
		{8AAE8EA2-3B76-46F5-A8A9-AB9FAF97A90E}.Debug|x86.ActiveCfg = Debug|Win32
		{8AAE8EA2-3B76-46F5-A8A9-AB9FAF97A90E}.Debug|x86.Build.0 = Debug|Win32
		{8AAE8EA2-3B76-46F5-A8A9-AB9FAF97A90E}.Release|x64.ActiveCfg = Release|x64
		{8AAE8EA2-3B76-46F5-A8A9-AB9FAF97A90E}.Release|x64.Build.0 = Release|x64
		{8AAE8EA2-3B76-46F5-A8A9-AB9FAF97A90E}.Release|x86.ActiveCfg = Release|Win32
		{8AAE8EA2-3B76-46F5-A8A9-AB9FAF97A90E}.Release|x86.Build.0 = Release|Win32
		{8AAE8EA2-3B76-46F5-A8A9-AB9FAF97A90E}.Template|x64.ActiveCfg = Debug|x64
		{8AAE8EA2-3B76-46F5-A8A9-AB9FAF97A90E}.Template|x64.Build.0 = Debug|x64
		{8AAE8EA2-3B76-46F5-A8A9-AB9FAF97A90E}.Template|x86.ActiveCfg = Debug|Win32
		{8AAE8EA2-3B76-46F5-A8A9-AB9FAF97A90E}.Template|x86.Build.0 = Debug|Win32
		{ECB60E2C-FB88-41A3-B2AA-935BCB9F223B}.Debug|x64.ActiveCfg = Debug|x64
		{ECB60E2C-FB88-41A3-B2AA-935BCB9F223B}.Debug|x64.Build.0 = Debug|x64
		{ECB60E2C-FB88-41A3-B2AA-935BCB9F223B}.Debug|x86.ActiveCfg = Debug|Win32
		{ECB60E2C-FB88-41A3-B2AA-935BCB9F223B}.Debug|x86.Build.0 = Debug|Win32
		{ECB60E2C-FB88-41A3-B2AA-935BCB9F223B}.Release|x64.ActiveCfg = Release|x64
		{ECB60E2C-FB88-41A3-B2AA-935BCB9F223B}.Release|x64.Build.0 = Release|x64
		{ECB60E2C-FB88-41A3-B2AA-935BCB9F223B}.Release|x86.ActiveCfg = Release|Win32
		{ECB60E2C-FB88-41A3-B2AA-935BCB9F223B}.Release|x86.Build.0 = Release|Win32
		{ECB60E2C-FB88-41A3-B2AA-935BCB9F223B}.Template|x64.ActiveCfg = Debug|x64
		{ECB60E2C-FB88-41A3-B2AA-935BCB9F223B}.Template|x64.Build.0 = Debug|x64
		{ECB60E2C-FB88-41A3-B2AA-935BCB9F223B}.Template|x86.ActiveCfg = Debug|Win32
		{ECB60E2C-FB88-41A3-B2AA-935BCB9F223B}.Template|x86.Build.0 = Debug|Win32
		{419ACFA5-BFC1-44B4-9439-A3DAA3F178CF}.Debug|x64.ActiveCfg = Debug|x64
		{419ACFA5-BFC1-44B4-9439-A3DAA3F178CF}.Debug|x64.Build.0 = Debug|x64
		{419ACFA5-BFC1-44B4-9439-A3DAA3F178CF}.Debug|x86.ActiveCfg = Debug|Win32
		{419ACFA5-BFC1-44B4-9439-A3DAA3F178CF}.Debug|x86.Build.0 = Debug|Win32
		{419ACFA5-BFC1-44B4-9439-A3DAA3F178CF}.Release|x64.ActiveCfg = Release|x64
		{419ACFA5-BFC1-44B4-9439-A3DAA3F178CF}.Release|x64.Build.0 = Release|x64
		{419ACFA5-BFC1-44B4-9439-A3DAA3F178CF}.Release|x86.ActiveCfg = Release|Win32
		{419ACFA5-BFC1-44B4-9439-A3DAA3F178CF}.Release|x86.Build.0 = Release|Win32
		{419ACFA5-BFC1-44B4-9439-A3DAA3F178CF}.Template|x64.ActiveCfg = Debug|x64
		{419ACFA5-BFC1-44B4-9439-A3DAA3F178CF}.Template|x64.Build.0 = Debug|x64
		{419ACFA5-BFC1-44B4-9439-A3DAA3F178CF}.Template|x86.ActiveCfg = Debug|Win32
		{419ACFA5-BFC1-44B4-9439-A3DAA3F178CF}.Template|x86.Build.0 = Debug|Win32
		{B8B29990-EE3C-40E6-A448-ADBDD3C98801}.Debug|x64.ActiveCfg = Debug|x64
		{B8B29990-EE3C-40E6-A448-ADBDD3C98801}.Debug|x64.Build.0 = Debug|x64
		{B8B29990-EE3C-40E6-A448-ADBDD3C98801}.Debug|x86.ActiveCfg = Debug|Win32
		{B8B29990-EE3C-40E6-A448-ADBDD3C98801}.Debug|x86.Build.0 = Debug|Win32
		{B8B29990-EE3C-40E6-A448-ADBDD3C98801}.Release|x64.ActiveCfg = Release|x64
		{B8B29990-EE3C-40E6-A448-ADBDD3C98801}.Release|x64.Build.0 = Release|x64
		{B8B29990-EE3C-40E6-A448-ADBDD3C98801}.Release|x86.ActiveCfg = Release|Win32
		{B8B29990-EE3C-40E6-A448-ADBDD3C98801}.Release|x86.Build.0 = Release|Win32
		{B8B29990-EE3C-40E6-A448-ADBDD3C98801}.Template|x64.ActiveCfg = Debug|x64
		{B8B29990-EE3C-40E6-A448-ADBDD3C98801}.Template|x64.Build.0 = Debug|x64
		{B8B29990-EE3C-40E6-A448-ADBDD3C98801}.Template|x86.ActiveCfg = Debug|Win32
		{B8B29990-EE3C-40E6-A448-ADBDD3C98801}.Template|x86.Build.0 = Debug|Win32
		{47E69AFC-443E-45A4-A799-F1C717FA8736}.Debug|x64.ActiveCfg = Debug|x64
		{47E69AFC-443E-45A4-A799-F1C717FA8736}.Debug|x64.Build.0 = Debug|x64
		{47E69AFC-443E-45A4-A799-F1C717FA8736}.Debug|x86.ActiveCfg = Debug|Win32
		{47E69AFC-443E-45A4-A799-F1C717FA8736}.Debug|x86.Build.0 = Debug|Win32
		{47E69AFC-443E-45A4-A799-F1C717FA8736}.Release|x64.ActiveCfg = Release|x64
		{47E69AFC-443E-45A4-A799-F1C717FA8736}.Release|x64.Build.0 = Release|x64
		{47E69AFC-443E-45A4-A799-F1C717FA8736}.Release|x86.ActiveCfg = Release|Win32
		{47E69AFC-443E-45A4-A799-F1C717FA8736}.Release|x86.Build.0 = Release|Win32
		{47E69AFC-443E-45A4-A799-F1C717FA8736}.Template|x64.ActiveCfg = Debug|x64
		{47E69AFC-443E-45A4-A799-F1C717FA8736}.Template|x64.Build.0 = Debug|x64
		{47E69AFC-443E-45A4-A799-F1C717FA8736}.Template|x86.ActiveCfg = Debug|Win32
		{47E69AFC-443E-45A4-A799-F1C717FA8736}.Template|x86.Build.0 = Debug|Win32
		{1B798BA5-547B-43B2-9B54-9795C22667AF}.Debug|x64.ActiveCfg = Debug|x64
		{1B798BA5-547B-43B2-9B54-9795C22667AF}.Debug|x64.Build.0 = Debug|x64
		{1B798BA5-547B-43B2-9B54-9795C22667AF}.Debug|x86.ActiveCfg = Debug|Win32
		{1B798BA5-547B-43B2-9B54-9795C22667AF}.Debug|x86.Build.0 = Debug|Win32
		{1B798BA5-547B-43B2-9B54-9795C22667AF}.Release|x64.ActiveCfg = Release|x64
		{1B798BA5-547B-43B2-9B54-9795C22667AF}.Release|x64.Build.0 = Release|x64
		{1B798BA5-547B-43B2-9B54-9795C22667AF}.Release|x86.ActiveCfg = Release|Win32
		{1B798BA5-547B-43B2-9B54-9795C22667AF}.Release|x86.Build.0 = Release|Win32
		{1B798BA5-547B-43B2-9B54-9795C22667AF}.Template|x64.ActiveCfg = Debug|x64
		{1B798BA5-547B-43B2-9B54-9795C22667AF}.Template|x64.Build.0 = Debug|x64
		{1B798BA5-547B-43B2-9B54-9795C22667AF}.Template|x86.ActiveCfg = Debug|Win32
		{1B798BA5-547B-43B2-9B54-9795C22667AF}.Template|x86.Build.0 = Debug|Win32
		{B0FBCAE4-10CC-40C1-A645-DFFA8BFA30A7}.Debug|x64.ActiveCfg = Debug|x64
		{B0FBCAE4-10CC-40C1-A645-DFFA8BFA30A7}.Debug|x64.Build.0 = Debug|x64
		{B0FBCAE4-10CC-40C1-A645-DFFA8BFA30A7}.Debug|x86.ActiveCfg = Debug|Win32
		{B0FBCAE4-10CC-40C1-A645-DFFA8BFA30A7}.Debug|x86.Build.0 = Debug|Win32
		{B0FBCAE4-10CC-40C1-A645-DFFA8BFA30A7}.Release|x64.ActiveCfg = Release|x64
		{B0FBCAE4-10CC-40C1-A645-DFFA8BFA30A7}.Release|x64.Build.0 = Release|x64
		{B0FBCAE4-10CC-40C1-A645-DFFA8BFA30A7}.Release|x86.ActiveCfg = Release|Win32
		{B0FBCAE4-10CC-40C1-A645-DFFA8BFA30A7}.Release|x86.Build.0 = Release|Win32
		{B0FBCAE4-10CC-40C1-A645-DFFA8BFA30A7}.Template|x64.ActiveCfg = Debug|x64
		{B0FBCAE4-10CC-40C1-A645-DFFA8BFA30A7}.Template|x64.Build.0 = Debug|x64
		{B0FBCAE4-10CC-40C1-A645-DFFA8BFA30A7}.Template|x86.ActiveCfg = Debug|Win32
		{B0FBCAE4-10CC-40C1-A645-DFFA8BFA30A7}.Template|x86.Build.0 = Debug|Win32
		{A4BA88BE-892A-4E08-943D-C7D19FFB3D8C}.Debug|x64.ActiveCfg = Debug|x64
		{A4BA88BE-892A-4E08-943D-C7D19FFB3D8C}.Debug|x64.Build.0 = Debug|x64
		{A4BA88BE-892A-4E08-943D-C7D19FFB3D8C}.Debug|x86.ActiveCfg = Debug|Win32
		{A4BA88BE-892A-4E08-943D-C7D19FFB3D8C}.Debug|x86.Build.0 = Debug|Win32
		{A4BA88BE-892A-4E08-943D-C7D19FFB3D8C}.Release|x64.ActiveCfg = Release|x64
		{A4BA88BE-892A-4E08-943D-C7D19FFB3D8C}.Release|x64.Build.0 = Release|x64
		{A4BA88BE-892A-4E08-943D-C7D19FFB3D8C}.Release|x86.ActiveCfg = Release|Win32
		{A4BA88BE-892A-4E08-943D-C7D19FFB3D8C}.Release|x86.Build.0 = Release|Win32
		{A4BA88BE-892A-4E08-943D-C7D19FFB3D8C}.Template|x64.ActiveCfg = Debug|x64
		{A4BA88BE-892A-4E08-943D-C7D19FFB3D8C}.Template|x64.Build.0 = Debug|x64
		{A4BA88BE-892A-4E08-943D-C7D19FFB3D8C}.Template|x86.ActiveCfg = Debug|Win32
		{A4BA88BE-892A-4E08-943D-C7D19FFB3D8C}.Template|x86.Build.0 = Debug|Win32
		{4416755F-99CA-4E9B-B33B-402FD40C38F2}.Debug|x64.ActiveCfg = Debug|x64
		{4416755F-99CA-4E9B-B33B-402FD40C38F2}.Debug|x64.Build.0 = Debug|x64
		{4416755F-99CA-4E9B-B33B-402FD40C38F2}.Debug|x86.ActiveCfg = Debug|Win32
		{4416755F-99CA-4E9B-B33B-402FD40C38F2}.Debug|x86.Build.0 = Debug|Win32
		{4416755F-99CA-4E9B-B33B-402FD40C38F2}.Release|x64.ActiveCfg = Release|x64
		{4416755F-99CA-4E9B-B33B-402FD40C38F2}.Release|x64.Build.0 = Release|x64
		{4416755F-99CA-4E9B-B33B-402FD40C38F2}.Release|x86.ActiveCfg = Release|Win32
		{4416755F-99CA-4E9B-B33B-402FD40C38F2}.Release|x86.Build.0 = Release|Win32
		{4416755F-99CA-4E9B-B33B-402FD40C38F2}.Template|x64.ActiveCfg = Debug|x64
		{4416755F-99CA-4E9B-B33B-402FD40C38F2}.Template|x64.Build.0 = Debug|x64
		{4416755F-99CA-4E9B-B33B-402FD40C38F2}.Template|x86.ActiveCfg = Debug|Win32
		{4416755F-99CA-4E9B-B33B-402FD40C38F2}.Template|x86.Build.0 = Debug|Win32
		{A836DEEC-C5D1-4AA7-8E83-727A90BD040D}.Debug|x64.ActiveCfg = Debug|Win32
		{A836DEEC-C5D1-4AA7-8E83-727A90BD040D}.Debug|x64.Build.0 = Debug|Win32
		{A836DEEC-C5D1-4AA7-8E83-727A90BD040D}.Debug|x86.ActiveCfg = Debug|Win32
		{A836DEEC-C5D1-4AA7-8E83-727A90BD040D}.Debug|x86.Build.0 = Debug|Win32
		{A836DEEC-C5D1-4AA7-8E83-727A90BD040D}.Release|x64.ActiveCfg = Release|Win32
		{A836DEEC-C5D1-4AA7-8E83-727A90BD040D}.Release|x64.Build.0 = Release|Win32
		{A836DEEC-C5D1-4AA7-8E83-727A90BD040D}.Release|x86.ActiveCfg = Release|Win32
		{A836DEEC-C5D1-4AA7-8E83-727A90BD040D}.Release|x86.Build.0 = Release|Win32
		{A836DEEC-C5D1-4AA7-8E83-727A90BD040D}.Template|x64.ActiveCfg = Debug|Win32
		{A836DEEC-C5D1-4AA7-8E83-727A90BD040D}.Template|x64.Build.0 = Debug|Win32
		{A836DEEC-C5D1-4AA7-8E83-727A90BD040D}.Template|x86.ActiveCfg = Debug|Win32
		{A836DEEC-C5D1-4AA7-8E83-727A90BD040D}.Template|x86.Build.0 = Debug|Win32
		{413B61AE-5B9B-4E2E-80F1-F9774E0F40A9}.Debug|x64.ActiveCfg = Debug|x64
		{413B61AE-5B9B-4E2E-80F1-F9774E0F40A9}.Debug|x64.Build.0 = Debug|x64
		{413B61AE-5B9B-4E2E-80F1-F9774E0F40A9}.Debug|x86.ActiveCfg = Debug|Win32
		{413B61AE-5B9B-4E2E-80F1-F9774E0F40A9}.Debug|x86.Build.0 = Debug|Win32
		{413B61AE-5B9B-4E2E-80F1-F9774E0F40A9}.Release|x64.ActiveCfg = Release|x64
		{413B61AE-5B9B-4E2E-80F1-F9774E0F40A9}.Release|x64.Build.0 = Release|x64
		{413B61AE-5B9B-4E2E-80F1-F9774E0F40A9}.Release|x86.ActiveCfg = Release|Win32
		{413B61AE-5B9B-4E2E-80F1-F9774E0F40A9}.Release|x86.Build.0 = Release|Win32
		{413B61AE-5B9B-4E2E-80F1-F9774E0F40A9}.Template|x64.ActiveCfg = Debug|x64
		{413B61AE-5B9B-4E2E-80F1-F9774E0F40A9}.Template|x64.Build.0 = Debug|x64
		{413B61AE-5B9B-4E2E-80F1-F9774E0F40A9}.Template|x86.ActiveCfg = Debug|Win32
		{413B61AE-5B9B-4E2E-80F1-F9774E0F40A9}.Template|x86.Build.0 = Debug|Win32
		{3427B341-CF95-4F12-A10F-1E4AB314E39A}.Debug|x64.ActiveCfg = Debug|x64
		{3427B341-CF95-4F12-A10F-1E4AB314E39A}.Debug|x64.Build.0 = Debug|x64
		{3427B341-CF95-4F12-A10F-1E4AB314E39A}.Debug|x86.ActiveCfg = Debug|Win32
		{3427B341-CF95-4F12-A10F-1E4AB314E39A}.Debug|x86.Build.0 = Debug|Win32
		{3427B341-CF95-4F12-A10F-1E4AB314E39A}.Release|x64.ActiveCfg = Release|x64
		{3427B341-CF95-4F12-A10F-1E4AB314E39A}.Release|x64.Build.0 = Release|x64
		{3427B341-CF95-4F12-A10F-1E4AB314E39A}.Release|x86.ActiveCfg = Release|Win32
		{3427B341-CF95-4F12-A10F-1E4AB314E39A}.Release|x86.Build.0 = Release|Win32
		{3427B341-CF95-4F12-A10F-1E4AB314E39A}.Template|x64.ActiveCfg = Debug|x64
		{3427B341-CF95-4F12-A10F-1E4AB314E39A}.Template|x64.Build.0 = Debug|x64
		{3427B341-CF95-4F12-A10F-1E4AB314E39A}.Template|x86.ActiveCfg = Debug|Win32
		{3427B341-CF95-4F12-A10F-1E4AB314E39A}.Template|x86.Build.0 = Debug|Win32
		{70ED2EF8-217B-443B-9D84-7BC3976A29FB}.Debug|x64.ActiveCfg = Debug|Win32
		{70ED2EF8-217B-443B-9D84-7BC3976A29FB}.Debug|x64.Build.0 = Debug|Win32
		{70ED2EF8-217B-443B-9D84-7BC3976A29FB}.Debug|x86.ActiveCfg = Debug|Win32
		{70ED2EF8-217B-443B-9D84-7BC3976A29FB}.Debug|x86.Build.0 = Debug|Win32
		{70ED2EF8-217B-443B-9D84-7BC3976A29FB}.Release|x64.ActiveCfg = Release|Win32
		{70ED2EF8-217B-443B-9D84-7BC3976A29FB}.Release|x64.Build.0 = Release|Win32
		{70ED2EF8-217B-443B-9D84-7BC3976A29FB}.Release|x86.ActiveCfg = Release|Win32
		{70ED2EF8-217B-443B-9D84-7BC3976A29FB}.Release|x86.Build.0 = Release|Win32
		{70ED2EF8-217B-443B-9D84-7BC3976A29FB}.Template|x64.ActiveCfg = Debug|Win32
		{70ED2EF8-217B-443B-9D84-7BC3976A29FB}.Template|x64.Build.0 = Debug|Win32
		{70ED2EF8-217B-443B-9D84-7BC3976A29FB}.Template|x86.ActiveCfg = Debug|Win32
		{70ED2EF8-217B-443B-9D84-7BC3976A29FB}.Template|x86.Build.0 = Debug|Win32
		{C20B321C-FCD3-4371-8A9B-3BFC57EB3F7A}.Debug|x64.ActiveCfg = Debug|x64
		{C20B321C-FCD3-4371-8A9B-3BFC57EB3F7A}.Debug|x64.Build.0 = Debug|x64
		{C20B321C-FCD3-4371-8A9B-3BFC57EB3F7A}.Debug|x86.ActiveCfg = Debug|Win32
		{C20B321C-FCD3-4371-8A9B-3BFC57EB3F7A}.Debug|x86.Build.0 = Debug|Win32
		{C20B321C-FCD3-4371-8A9B-3BFC57EB3F7A}.Release|x64.ActiveCfg = Release|x64
		{C20B321C-FCD3-4371-8A9B-3BFC57EB3F7A}.Release|x64.Build.0 = Release|x64
		{C20B321C-FCD3-4371-8A9B-3BFC57EB3F7A}.Release|x86.ActiveCfg = Release|Win32
		{C20B321C-FCD3-4371-8A9B-3BFC57EB3F7A}.Release|x86.Build.0 = Release|Win32
		{C20B321C-FCD3-4371-8A9B-3BFC57EB3F7A}.Template|x64.ActiveCfg = Debug|x64
		{C20B321C-FCD3-4371-8A9B-3BFC57EB3F7A}.Template|x64.Build.0 = Debug|x64
		{C20B321C-FCD3-4371-8A9B-3BFC57EB3F7A}.Template|x86.ActiveCfg = Debug|Win32
		{C20B321C-FCD3-4371-8A9B-3BFC57EB3F7A}.Template|x86.Build.0 = Debug|Win32
		{00F09D49-2C07-426E-92A7-951405419E69}.Debug|x64.ActiveCfg = Debug|x64
		{00F09D49-2C07-426E-92A7-951405419E69}.Debug|x64.Build.0 = Debug|x64
		{00F09D49-2C07-426E-92A7-951405419E69}.Debug|x86.ActiveCfg = Debug|Win32
		{00F09D49-2C07-426E-92A7-951405419E69}.Debug|x86.Build.0 = Debug|Win32
		{00F09D49-2C07-426E-92A7-951405419E69}.Release|x64.ActiveCfg = Release|x64
		{00F09D49-2C07-426E-92A7-951405419E69}.Release|x64.Build.0 = Release|x64
		{00F09D49-2C07-426E-92A7-951405419E69}.Release|x86.ActiveCfg = Release|Win32
		{00F09D49-2C07-426E-92A7-951405419E69}.Release|x86.Build.0 = Release|Win32
		{00F09D49-2C07-426E-92A7-951405419E69}.Template|x64.ActiveCfg = Debug|x64
		{00F09D49-2C07-426E-92A7-951405419E69}.Template|x64.Build.0 = Debug|x64
		{00F09D49-2C07-426E-92A7-951405419E69}.Template|x86.ActiveCfg = Debug|Win32
		{00F09D49-2C07-426E-92A7-951405419E69}.Template|x86.Build.0 = Debug|Win32
		{73CF4C1D-54F2-40FE-BB52-B0792EB47A6D}.Debug|x64.ActiveCfg = Debug|x64
		{73CF4C1D-54F2-40FE-BB52-B0792EB47A6D}.Debug|x64.Build.0 = Debug|x64
		{73CF4C1D-54F2-40FE-BB52-B0792EB47A6D}.Debug|x86.ActiveCfg = Debug|Win32
		{73CF4C1D-54F2-40FE-BB52-B0792EB47A6D}.Debug|x86.Build.0 = Debug|Win32
		{73CF4C1D-54F2-40FE-BB52-B0792EB47A6D}.Release|x64.ActiveCfg = Release|x64
		{73CF4C1D-54F2-40FE-BB52-B0792EB47A6D}.Release|x64.Build.0 = Release|x64
		{73CF4C1D-54F2-40FE-BB52-B0792EB47A6D}.Release|x86.ActiveCfg = Release|Win32
		{73CF4C1D-54F2-40FE-BB52-B0792EB47A6D}.Release|x86.Build.0 = Release|Win32
		{73CF4C1D-54F2-40FE-BB52-B0792EB47A6D}.Template|x64.ActiveCfg = Debug|x64
		{73CF4C1D-54F2-40FE-BB52-B0792EB47A6D}.Template|x64.Build.0 = Debug|x64
		{73CF4C1D-54F2-40FE-BB52-B0792EB47A6D}.Template|x86.ActiveCfg = Debug|Win32
		{73CF4C1D-54F2-40FE-BB52-B0792EB47A6D}.Template|x86.Build.0 = Debug|Win32
		{9E70C4B5-16A3-4055-AEFC-8E640A742218}.Debug|x64.ActiveCfg = Debug|Win32
		{9E70C4B5-16A3-4055-AEFC-8E640A742218}.Debug|x64.Build.0 = Debug|Win32
		{9E70C4B5-16A3-4055-AEFC-8E640A742218}.Debug|x86.ActiveCfg = Debug|Win32
		{9E70C4B5-16A3-4055-AEFC-8E640A742218}.Debug|x86.Build.0 = Debug|Win32
		{9E70C4B5-16A3-4055-AEFC-8E640A742218}.Release|x64.ActiveCfg = Release|Win32
		{9E70C4B5-16A3-4055-AEFC-8E640A742218}.Release|x64.Build.0 = Release|Win32
		{9E70C4B5-16A3-4055-AEFC-8E640A742218}.Release|x86.ActiveCfg = Release|Win32
		{9E70C4B5-16A3-4055-AEFC-8E640A742218}.Release|x86.Build.0 = Release|Win32
		{9E70C4B5-16A3-4055-AEFC-8E640A742218}.Template|x64.ActiveCfg = Debug|Win32
		{9E70C4B5-16A3-4055-AEFC-8E640A742218}.Template|x64.Build.0 = Debug|Win32
		{9E70C4B5-16A3-4055-AEFC-8E640A742218}.Template|x86.ActiveCfg = Debug|Win32
		{9E70C4B5-16A3-4055-AEFC-8E640A742218}.Template|x86.Build.0 = Debug|Win32
		{EC20F909-81B1-4AB4-A3AD-BF7B4CC296A4}.Debug|x64.ActiveCfg = Debug|Win32
		{EC20F909-81B1-4AB4-A3AD-BF7B4CC296A4}.Debug|x64.Build.0 = Debug|Win32
		{EC20F909-81B1-4AB4-A3AD-BF7B4CC296A4}.Debug|x86.ActiveCfg = Debug|Win32
		{EC20F909-81B1-4AB4-A3AD-BF7B4CC296A4}.Debug|x86.Build.0 = Debug|Win32
		{EC20F909-81B1-4AB4-A3AD-BF7B4CC296A4}.Release|x64.ActiveCfg = Release|Win32
		{EC20F909-81B1-4AB4-A3AD-BF7B4CC296A4}.Release|x64.Build.0 = Release|Win32
		{EC20F909-81B1-4AB4-A3AD-BF7B4CC296A4}.Release|x86.ActiveCfg = Release|Win32
		{EC20F909-81B1-4AB4-A3AD-BF7B4CC296A4}.Release|x86.Build.0 = Release|Win32
		{EC20F909-81B1-4AB4-A3AD-BF7B4CC296A4}.Template|x64.ActiveCfg = Debug|Win32
		{EC20F909-81B1-4AB4-A3AD-BF7B4CC296A4}.Template|x64.Build.0 = Debug|Win32
		{EC20F909-81B1-4AB4-A3AD-BF7B4CC296A4}.Template|x86.ActiveCfg = Debug|Win32
		{EC20F909-81B1-4AB4-A3AD-BF7B4CC296A4}.Template|x86.Build.0 = Debug|Win32
	EndGlobalSection
	GlobalSection(SolutionProperties) = preSolution
		HideSolutionNode = FALSE
	EndGlobalSection
	GlobalSection(NestedProjects) = preSolution
		{4A152349-61BB-448A-A8D8-D5937FB02764} = {08FC134B-5364-4381-BDE6-C55A369AF200}
		{B7BF550B-5FBD-4C52-BD74-390D552BCF71} = {08FC134B-5364-4381-BDE6-C55A369AF200}
		{4B389F88-A2FA-48B6-91E5-5763F127185B} = {08FC134B-5364-4381-BDE6-C55A369AF200}
		{BEB0D65F-F901-4DFF-B9DB-D41A4BE79BAC} = {08FC134B-5364-4381-BDE6-C55A369AF200}
		{40F93BE8-4842-45F9-BEDA-8870499E80EE} = {08FC134B-5364-4381-BDE6-C55A369AF200}
		{61CF833D-3944-443C-9286-89D727C880A6} = {EDF90A95-F03C-4903-9822-DEB4C7847C12}
		{13E975DF-6B48-45FC-8D14-25D4C128AAAB} = {EDF90A95-F03C-4903-9822-DEB4C7847C12}
		{30D1083B-9E05-4BFF-9EED-26897B484EDA} = {EDF90A95-F03C-4903-9822-DEB4C7847C12}
		{7121E423-736C-4E56-AE0D-18A6C645A3AC} = {EDF90A95-F03C-4903-9822-DEB4C7847C12}
		{E369794C-A832-488A-BA43-2661E2AA7729} = {EDF90A95-F03C-4903-9822-DEB4C7847C12}
		{59AFA40D-A9D5-4A9C-B1CE-FFB18DCDB466} = {EDF90A95-F03C-4903-9822-DEB4C7847C12}
		{73D7FB77-E343-4500-8425-5C9232676692} = {EDF90A95-F03C-4903-9822-DEB4C7847C12}
		{8EBA462B-92AB-4C2E-837C-7761E7EB20AD} = {EDF90A95-F03C-4903-9822-DEB4C7847C12}
		{7E5CBA77-76AB-47D8-BF27-8D39675D18ED} = {EDF90A95-F03C-4903-9822-DEB4C7847C12}
		{AA3CBFE2-D1BC-4F99-84BE-1AF27D2D862A} = {2AFD4213-02C6-4FD0-AE20-4E0A47D29004}
		{34446B82-D2C3-42A4-98F9-FF622C87330F} = {2AFD4213-02C6-4FD0-AE20-4E0A47D29004}
		{CA45881B-0200-4C3F-8598-E9775E861FF3} = {AAFFC6AA-3193-49C9-B228-D4AC2C7EA8E5}
		{92F22C2F-8085-4829-8B30-8CCBA07EC1CC} = {11ECA3CD-658D-4CD5-9012-4CD5CB1663FF}
		{0154D3A6-BF82-4F1F-A03B-B1E3CA69CC5E} = {11ECA3CD-658D-4CD5-9012-4CD5CB1663FF}
		{75DD8B9F-B16F-4DD7-88B6-C1E57E863A9F} = {6C1306BD-6815-4556-82D4-F09561EF8F5E}
		{7B8EB848-4324-4118-BF2B-7DD06E1E8C99} = {6C1306BD-6815-4556-82D4-F09561EF8F5E}
		{8AAE8EA2-3B76-46F5-A8A9-AB9FAF97A90E} = {6C1306BD-6815-4556-82D4-F09561EF8F5E}
		{ECB60E2C-FB88-41A3-B2AA-935BCB9F223B} = {EDF90A95-F03C-4903-9822-DEB4C7847C12}
		{419ACFA5-BFC1-44B4-9439-A3DAA3F178CF} = {6C1306BD-6815-4556-82D4-F09561EF8F5E}
		{B8B29990-EE3C-40E6-A448-ADBDD3C98801} = {8F4912DD-0B58-4DF5-BDD2-492A38DD4D09}
		{47E69AFC-443E-45A4-A799-F1C717FA8736} = {6C1306BD-6815-4556-82D4-F09561EF8F5E}
		{1B798BA5-547B-43B2-9B54-9795C22667AF} = {6C1306BD-6815-4556-82D4-F09561EF8F5E}
		{B0FBCAE4-10CC-40C1-A645-DFFA8BFA30A7} = {6C1306BD-6815-4556-82D4-F09561EF8F5E}
		{A4BA88BE-892A-4E08-943D-C7D19FFB3D8C} = {AAFFC6AA-3193-49C9-B228-D4AC2C7EA8E5}
		{4416755F-99CA-4E9B-B33B-402FD40C38F2} = {AAFFC6AA-3193-49C9-B228-D4AC2C7EA8E5}
		{A836DEEC-C5D1-4AA7-8E83-727A90BD040D} = {6C1306BD-6815-4556-82D4-F09561EF8F5E}
		{413B61AE-5B9B-4E2E-80F1-F9774E0F40A9} = {AAFFC6AA-3193-49C9-B228-D4AC2C7EA8E5}
		{3427B341-CF95-4F12-A10F-1E4AB314E39A} = {08FC134B-5364-4381-BDE6-C55A369AF200}
		{70ED2EF8-217B-443B-9D84-7BC3976A29FB} = {8F4912DD-0B58-4DF5-BDD2-492A38DD4D09}
		{C20B321C-FCD3-4371-8A9B-3BFC57EB3F7A} = {2AFD4213-02C6-4FD0-AE20-4E0A47D29004}
		{00F09D49-2C07-426E-92A7-951405419E69} = {2AFD4213-02C6-4FD0-AE20-4E0A47D29004}
		{73CF4C1D-54F2-40FE-BB52-B0792EB47A6D} = {11ECA3CD-658D-4CD5-9012-4CD5CB1663FF}
		{9E70C4B5-16A3-4055-AEFC-8E640A742218} = {8F4912DD-0B58-4DF5-BDD2-492A38DD4D09}
		{EC20F909-81B1-4AB4-A3AD-BF7B4CC296A4} = {8F4912DD-0B58-4DF5-BDD2-492A38DD4D09}
	EndGlobalSection
	GlobalSection(ExtensibilityGlobals) = postSolution
		SolutionGuid = {4DC28170-9B9E-4C77-90E6-6CB7FFEDC66F}
	EndGlobalSection
EndGlobal
